
Microsoft Visual Studio Solution File, Format Version 12.00
# Visual Studio Version 17
VisualStudioVersion = 17.8.34330.188
MinimumVisualStudioVersion = 10.0.40219.1
Project("{888888A0-9F3D-457C-B088-3A5042F75D52}") = "CIS 110 Course Project", "CIS 110 Course Project.pyproj", "{53EF6842-44AC-49D3-AD66-C334F025D901}"
EndProject
Global
	GlobalSection(SolutionConfigurationPlatforms) = preSolution
		Debug|Any CPU = Debug|Any CPU
		Release|Any CPU = Release|Any CPU
	EndGlobalSection
	GlobalSection(ProjectConfigurationPlatforms) = postSolution
		{53EF6842-44AC-49D3-AD66-C334F025D901}.Debug|Any CPU.ActiveCfg = Debug|Any CPU
		{53EF6842-44AC-49D3-AD66-C334F025D901}.Release|Any CPU.ActiveCfg = Release|Any CPU
	EndGlobalSection
	GlobalSection(SolutionProperties) = preSolution
		HideSolutionNode = FALSE
	EndGlobalSection
	GlobalSection(ExtensibilityGlobals) = postSolution
		SolutionGuid = {CDB496EC-290F-4B45-BF46-F829EFD9F4BC}
	EndGlobalSection
EndGlobal
